
Microsoft Visual Studio Solution File, Format Version 12.00
# Visual Studio 15
VisualStudioVersion = 15.0.28307.1340
MinimumVisualStudioVersion = 10.0.40219.1
Project("{FAE04EC0-301F-11D3-BF4B-00C04F79EFBC}") = "ConsoleApp5", "ConsoleApp5\ConsoleApp5.csproj", "{C87C78C8-40C4-42B6-AB38-5470D0869193}"
EndProject
Global
	GlobalSection(SolutionConfigurationPlatforms) = preSolution
		Debug|Any CPU = Debug|Any CPU
		Release|Any CPU = Release|Any CPU
	EndGlobalSection
	GlobalSection(ProjectConfigurationPlatforms) = postSolution
		{C87C78C8-40C4-42B6-AB38-5470D0869193}.Debug|Any CPU.ActiveCfg = Debug|Any CPU
		{C87C78C8-40C4-42B6-AB38-5470D0869193}.Debug|Any CPU.Build.0 = Debug|Any CPU
		{C87C78C8-40C4-42B6-AB38-5470D0869193}.Release|Any CPU.ActiveCfg = Release|Any CPU
		{C87C78C8-40C4-42B6-AB38-5470D0869193}.Release|Any CPU.Build.0 = Release|Any CPU
	EndGlobalSection
	GlobalSection(SolutionProperties) = preSolution
		HideSolutionNode = FALSE
	EndGlobalSection
	GlobalSection(ExtensibilityGlobals) = postSolution
		SolutionGuid = {87CCD42B-2708-41A3-BB70-251F181A87C1}
	EndGlobalSection
EndGlobal
